
Microsoft Visual Studio Solution File, Format Version 12.00
# Visual Studio 2012
Project("{FAE04EC0-301F-11D3-BF4B-00C04F79EFBC}") = "MICROCREDIT.NET", "MICROCREDIT.NET\MICROCREDIT.NET.csproj", "{39776305-129F-483A-B1B0-C110B2B6BFBE}"
EndProject
Global
	GlobalSection(SolutionConfigurationPlatforms) = preSolution
		Debug|Any CPU = Debug|Any CPU
		Release|Any CPU = Release|Any CPU
	EndGlobalSection
	GlobalSection(ProjectConfigurationPlatforms) = postSolution
		{39776305-129F-483A-B1B0-C110B2B6BFBE}.Debug|Any CPU.ActiveCfg = Debug|Any CPU
		{39776305-129F-483A-B1B0-C110B2B6BFBE}.Debug|Any CPU.Build.0 = Debug|Any CPU
		{39776305-129F-483A-B1B0-C110B2B6BFBE}.Release|Any CPU.ActiveCfg = Release|Any CPU
		{39776305-129F-483A-B1B0-C110B2B6BFBE}.Release|Any CPU.Build.0 = Release|Any CPU
	EndGlobalSection
	GlobalSection(SolutionProperties) = preSolution
		HideSolutionNode = FALSE
	EndGlobalSection
EndGlobal
